// !$*UTF8*$!
{
	archiveVersion = 1;
	classes = {
	};
	objectVersion = 56;
	objects = {

/* Begin PBXBuildFile section */
		BF0000010000000000000001 /* ToioBridgeApp.swift in Sources */ = {isa = PBXBuildFile; fileRef = FR0000010000000000000001 /* ToioBridgeApp.swift */; };
		BF0000010000000000000002 /* AppDelegate.swift in Sources */ = {isa = PBXBuildFile; fileRef = FR0000010000000000000002 /* AppDelegate.swift */; };
		BF0000010000000000000003 /* Logger.swift in Sources */ = {isa = PBXBuildFile; fileRef = FR0000010000000000000003 /* Logger.swift */; };
		BF0000010000000000000004 /* ToioBridgeError.swift in Sources */ = {isa = PBXBuildFile; fileRef = FR0000010000000000000004 /* ToioBridgeError.swift */; };
		BF0000010000000000000005 /* CubeCommand.swift in Sources */ = {isa = PBXBuildFile; fileRef = FR0000010000000000000005 /* CubeCommand.swift */; };
		BF0000010000000000000006 /* ToioCube.swift in Sources */ = {isa = PBXBuildFile; fileRef = FR0000010000000000000006 /* ToioCube.swift */; };
		BF0000010000000000000007 /* ToioBLEUUIDs.swift in Sources */ = {isa = PBXBuildFile; fileRef = FR0000010000000000000007 /* ToioBLEUUIDs.swift */; };
		BF0000010000000000000008 /* ToioCommandWriter.swift in Sources */ = {isa = PBXBuildFile; fileRef = FR0000010000000000000008 /* ToioCommandWriter.swift */; };
		BF0000010000000000000009 /* CubeManager.swift in Sources */ = {isa = PBXBuildFile; fileRef = FR0000010000000000000009 /* CubeManager.swift */; };
		BF0000010000000000000010 /* MenuBarView.swift in Sources */ = {isa = PBXBuildFile; fileRef = FR0000010000000000000010 /* MenuBarView.swift */; };
		BF0000010000000000000013 /* CubeEntity.swift in Sources */ = {isa = PBXBuildFile; fileRef = FR0000010000000000000013 /* CubeEntity.swift */; };
		BF0000010000000000000014 /* CubeEntityQuery.swift in Sources */ = {isa = PBXBuildFile; fileRef = FR0000010000000000000014 /* CubeEntityQuery.swift */; };
		BF0000010000000000000015 /* MoveCubeIntent.swift in Sources */ = {isa = PBXBuildFile; fileRef = FR0000010000000000000015 /* MoveCubeIntent.swift */; };
		BF0000010000000000000016 /* StopCubeIntent.swift in Sources */ = {isa = PBXBuildFile; fileRef = FR0000010000000000000016 /* StopCubeIntent.swift */; };
		BF0000010000000000000017 /* SetLampIntent.swift in Sources */ = {isa = PBXBuildFile; fileRef = FR0000010000000000000017 /* SetLampIntent.swift */; };
		BF0000010000000000000018 /* TurnOffLampIntent.swift in Sources */ = {isa = PBXBuildFile; fileRef = FR0000010000000000000018 /* TurnOffLampIntent.swift */; };
		BF0000010000000000000019 /* ToioBridgeShortcuts.swift in Sources */ = {isa = PBXBuildFile; fileRef = FR0000010000000000000019 /* ToioBridgeShortcuts.swift */; };
		BF0000010000000000000020 /* CubeCommandTests.swift in Sources */ = {isa = PBXBuildFile; fileRef = FR0000010000000000000020 /* CubeCommandTests.swift */; };
		BF0000010000000000000021 /* CubeCommand.swift in Sources */ = {isa = PBXBuildFile; fileRef = FR0000010000000000000005 /* CubeCommand.swift */; };
		BF0000010000000000000022 /* ToioBridgeError.swift in Sources */ = {isa = PBXBuildFile; fileRef = FR0000010000000000000004 /* ToioBridgeError.swift */; };
		BF0000010000000000000023 /* Assets.xcassets in Resources */ = {isa = PBXBuildFile; fileRef = FR0000010000000000000028 /* Assets.xcassets */; };
		BF0000010000000000000025 /* LoginItemManager.swift in Sources */ = {isa = PBXBuildFile; fileRef = FR0000010000000000000030 /* LoginItemManager.swift */; };
/* End PBXBuildFile section */

/* Begin PBXFileReference section */
		FR0000010000000000000001 /* ToioBridgeApp.swift */ = {isa = PBXFileReference; lastKnownFileType = sourcecode.swift; path = ToioBridgeApp.swift; sourceTree = "<group>"; };
		FR0000010000000000000002 /* AppDelegate.swift */ = {isa = PBXFileReference; lastKnownFileType = sourcecode.swift; path = AppDelegate.swift; sourceTree = "<group>"; };
		FR0000010000000000000003 /* Logger.swift */ = {isa = PBXFileReference; lastKnownFileType = sourcecode.swift; path = Logger.swift; sourceTree = "<group>"; };
		FR0000010000000000000004 /* ToioBridgeError.swift */ = {isa = PBXFileReference; lastKnownFileType = sourcecode.swift; path = ToioBridgeError.swift; sourceTree = "<group>"; };
		FR0000010000000000000005 /* CubeCommand.swift */ = {isa = PBXFileReference; lastKnownFileType = sourcecode.swift; path = CubeCommand.swift; sourceTree = "<group>"; };
		FR0000010000000000000006 /* ToioCube.swift */ = {isa = PBXFileReference; lastKnownFileType = sourcecode.swift; path = ToioCube.swift; sourceTree = "<group>"; };
		FR0000010000000000000007 /* ToioBLEUUIDs.swift */ = {isa = PBXFileReference; lastKnownFileType = sourcecode.swift; path = ToioBLEUUIDs.swift; sourceTree = "<group>"; };
		FR0000010000000000000008 /* ToioCommandWriter.swift */ = {isa = PBXFileReference; lastKnownFileType = sourcecode.swift; path = ToioCommandWriter.swift; sourceTree = "<group>"; };
		FR0000010000000000000009 /* CubeManager.swift */ = {isa = PBXFileReference; lastKnownFileType = sourcecode.swift; path = CubeManager.swift; sourceTree = "<group>"; };
		FR0000010000000000000010 /* MenuBarView.swift */ = {isa = PBXFileReference; lastKnownFileType = sourcecode.swift; path = MenuBarView.swift; sourceTree = "<group>"; };
		FR0000010000000000000013 /* CubeEntity.swift */ = {isa = PBXFileReference; lastKnownFileType = sourcecode.swift; path = CubeEntity.swift; sourceTree = "<group>"; };
		FR0000010000000000000014 /* CubeEntityQuery.swift */ = {isa = PBXFileReference; lastKnownFileType = sourcecode.swift; path = CubeEntityQuery.swift; sourceTree = "<group>"; };
		FR0000010000000000000015 /* MoveCubeIntent.swift */ = {isa = PBXFileReference; lastKnownFileType = sourcecode.swift; path = MoveCubeIntent.swift; sourceTree = "<group>"; };
		FR0000010000000000000016 /* StopCubeIntent.swift */ = {isa = PBXFileReference; lastKnownFileType = sourcecode.swift; path = StopCubeIntent.swift; sourceTree = "<group>"; };
		FR0000010000000000000017 /* SetLampIntent.swift */ = {isa = PBXFileReference; lastKnownFileType = sourcecode.swift; path = SetLampIntent.swift; sourceTree = "<group>"; };
		FR0000010000000000000018 /* TurnOffLampIntent.swift */ = {isa = PBXFileReference; lastKnownFileType = sourcecode.swift; path = TurnOffLampIntent.swift; sourceTree = "<group>"; };
		FR0000010000000000000019 /* ToioBridgeShortcuts.swift */ = {isa = PBXFileReference; lastKnownFileType = sourcecode.swift; path = ToioBridgeShortcuts.swift; sourceTree = "<group>"; };
		FR0000010000000000000020 /* CubeCommandTests.swift */ = {isa = PBXFileReference; lastKnownFileType = sourcecode.swift; path = CubeCommandTests.swift; sourceTree = "<group>"; };
		FR0000010000000000000021 /* Info.plist */ = {isa = PBXFileReference; lastKnownFileType = text.plist.xml; path = Info.plist; sourceTree = "<group>"; };
		FR0000010000000000000022 /* Info.plist */ = {isa = PBXFileReference; lastKnownFileType = text.plist.xml; path = Info.plist; sourceTree = "<group>"; };
		FR0000010000000000000023 /* ToioBridge.app */ = {isa = PBXFileReference; explicitFileType = wrapper.application; includeInIndex = 0; path = ToioBridge.app; sourceTree = BUILT_PRODUCTS_DIR; };
		FR0000010000000000000024 /* ToioBridgeTests.xctest */ = {isa = PBXFileReference; explicitFileType = wrapper.cfbundle; includeInIndex = 0; path = ToioBridgeTests.xctest; sourceTree = BUILT_PRODUCTS_DIR; };
		FR0000010000000000000025 /* ToioBridge.entitlements */ = {isa = PBXFileReference; lastKnownFileType = text.plist.entitlements; path = ToioBridge.entitlements; sourceTree = "<group>"; };
		FR0000010000000000000026 /* Signing.xcconfig */ = {isa = PBXFileReference; lastKnownFileType = text.xcconfig; path = Signing.xcconfig; sourceTree = "<group>"; };
		FR0000010000000000000027 /* Signing.local.xcconfig.example */ = {isa = PBXFileReference; lastKnownFileType = text.xcconfig; path = Signing.local.xcconfig.example; sourceTree = "<group>"; };
		FR0000010000000000000028 /* Assets.xcassets */ = {isa = PBXFileReference; lastKnownFileType = folder.assetcatalog; path = Assets.xcassets; sourceTree = "<group>"; };
		FR0000010000000000000030 /* LoginItemManager.swift */ = {isa = PBXFileReference; lastKnownFileType = sourcecode.swift; path = LoginItemManager.swift; sourceTree = "<group>"; };
/* End PBXFileReference section */

/* Begin PBXFrameworksBuildPhase section */
		FW0000010000000000000001 /* Frameworks */ = {
			isa = PBXFrameworksBuildPhase;
			buildActionMask = 2147483647;
			files = (
			);
			runOnlyForDeploymentPostprocessing = 0;
		};
		FW0000010000000000000002 /* Frameworks */ = {
			isa = PBXFrameworksBuildPhase;
			buildActionMask = 2147483647;
			files = (
			);
			runOnlyForDeploymentPostprocessing = 0;
		};
/* End PBXFrameworksBuildPhase section */

/* Begin PBXGroup section */
		GR0000010000000000000001 = {
			isa = PBXGroup;
			children = (
				GR0000010000000000000002 /* ToioBridge */,
				GR0000010000000000000009 /* ToioBridgeTests */,
				GR0000010000000000000011 /* Config */,
				GR0000010000000000000010 /* Products */,
			);
			sourceTree = "<group>";
		};
		GR0000010000000000000002 /* ToioBridge */ = {
			isa = PBXGroup;
			children = (
				FR0000010000000000000001 /* ToioBridgeApp.swift */,
				FR0000010000000000000002 /* AppDelegate.swift */,
				FR0000010000000000000021 /* Info.plist */,
				FR0000010000000000000025 /* ToioBridge.entitlements */,
				FR0000010000000000000028 /* Assets.xcassets */,
				GR0000010000000000000003 /* Models */,
				GR0000010000000000000004 /* Bluetooth */,
				GR0000010000000000000005 /* Intents */,
				GR0000010000000000000006 /* UI */,
				GR0000010000000000000007 /* Utilities */,
			);
			path = ToioBridge;
			sourceTree = "<group>";
		};
		GR0000010000000000000003 /* Models */ = {
			isa = PBXGroup;
			children = (
				FR0000010000000000000006 /* ToioCube.swift */,
				FR0000010000000000000005 /* CubeCommand.swift */,
				FR0000010000000000000004 /* ToioBridgeError.swift */,
			);
			path = Models;
			sourceTree = "<group>";
		};
		GR0000010000000000000004 /* Bluetooth */ = {
			isa = PBXGroup;
			children = (
				FR0000010000000000000009 /* CubeManager.swift */,
				FR0000010000000000000007 /* ToioBLEUUIDs.swift */,
				FR0000010000000000000008 /* ToioCommandWriter.swift */,
			);
			path = Bluetooth;
			sourceTree = "<group>";
		};
		GR0000010000000000000005 /* Intents */ = {
			isa = PBXGroup;
			children = (
				FR0000010000000000000015 /* MoveCubeIntent.swift */,
				FR0000010000000000000016 /* StopCubeIntent.swift */,
				FR0000010000000000000017 /* SetLampIntent.swift */,
				FR0000010000000000000018 /* TurnOffLampIntent.swift */,
				FR0000010000000000000013 /* CubeEntity.swift */,
				FR0000010000000000000014 /* CubeEntityQuery.swift */,
				FR0000010000000000000019 /* ToioBridgeShortcuts.swift */,
			);
			path = Intents;
			sourceTree = "<group>";
		};
		GR0000010000000000000006 /* UI */ = {
			isa = PBXGroup;
			children = (
				FR0000010000000000000010 /* MenuBarView.swift */,
			);
			path = UI;
			sourceTree = "<group>";
		};
		GR0000010000000000000007 /* Utilities */ = {
			isa = PBXGroup;
			children = (
				FR0000010000000000000003 /* Logger.swift */,
				FR0000010000000000000030 /* LoginItemManager.swift */,
			);
			path = Utilities;
			sourceTree = "<group>";
		};
		GR0000010000000000000009 /* ToioBridgeTests */ = {
			isa = PBXGroup;
			children = (
				FR0000010000000000000020 /* CubeCommandTests.swift */,
				FR0000010000000000000022 /* Info.plist */,
			);
			path = ToioBridgeTests;
			sourceTree = "<group>";
		};
		GR0000010000000000000010 /* Products */ = {
			isa = PBXGroup;
			children = (
				FR0000010000000000000023 /* ToioBridge.app */,
				FR0000010000000000000024 /* ToioBridgeTests.xctest */,
			);
			name = Products;
			sourceTree = "<group>";
		};
		GR0000010000000000000011 /* Config */ = {
			isa = PBXGroup;
			children = (
				FR0000010000000000000026 /* Signing.xcconfig */,
				FR0000010000000000000027 /* Signing.local.xcconfig.example */,
			);
			path = Config;
			sourceTree = "<group>";
		};
/* End PBXGroup section */

/* Begin PBXNativeTarget section */
		TG0000010000000000000001 /* ToioBridge */ = {
			isa = PBXNativeTarget;
			buildConfigurationList = CL0000010000000000000002 /* Build configuration list for PBXNativeTarget "ToioBridge" */;
			buildPhases = (
				SO0000010000000000000001 /* Sources */,
				FW0000010000000000000001 /* Frameworks */,
				RS0000010000000000000001 /* Resources */,
			);
			buildRules = (
			);
			dependencies = (
			);
			name = ToioBridge;
			productName = ToioBridge;
			productReference = FR0000010000000000000023 /* ToioBridge.app */;
			productType = "com.apple.product-type.application";
		};
		TG0000010000000000000002 /* ToioBridgeTests */ = {
			isa = PBXNativeTarget;
			buildConfigurationList = CL0000010000000000000003 /* Build configuration list for PBXNativeTarget "ToioBridgeTests" */;
			buildPhases = (
				SO0000010000000000000002 /* Sources */,
				FW0000010000000000000002 /* Frameworks */,
				RS0000010000000000000002 /* Resources */,
			);
			buildRules = (
			);
			dependencies = (
			);
			name = ToioBridgeTests;
			productName = ToioBridgeTests;
			productReference = FR0000010000000000000024 /* ToioBridgeTests.xctest */;
			productType = "com.apple.product-type.bundle.unit-test";
		};
/* End PBXNativeTarget section */

/* Begin PBXProject section */
		PJ0000010000000000000001 /* Project object */ = {
			isa = PBXProject;
			attributes = {
				BuildIndependentTargetsInParallel = 1;
				LastSwiftUpdateCheck = 2640;
				LastUpgradeCheck = 2640;
				TargetAttributes = {
					TG0000010000000000000001 = {
						CreatedOnToolsVersion = 26.4.1;
						ProvisioningStyle = Manual;
					};
					TG0000010000000000000002 = {
						CreatedOnToolsVersion = 26.4.1;
						TestTargetID = TG0000010000000000000001;
					};
				};
			};
			buildConfigurationList = CL0000010000000000000001 /* Build configuration list for PBXProject "ToioBridge" */;
			compatibilityVersion = "Xcode 14.0";
			developmentRegion = en;
			hasScannedForEncodings = 0;
			knownRegions = (
				en,
				Base,
			);
			mainGroup = GR0000010000000000000001;
			productRefGroup = GR0000010000000000000010 /* Products */;
			projectDirPath = "";
			projectRoot = "";
			targets = (
				TG0000010000000000000001 /* ToioBridge */,
				TG0000010000000000000002 /* ToioBridgeTests */,
			);
		};
/* End PBXProject section */

/* Begin PBXResourcesBuildPhase section */
		RS0000010000000000000001 /* Resources */ = {
			isa = PBXResourcesBuildPhase;
			buildActionMask = 2147483647;
			files = (
				BF0000010000000000000023 /* Assets.xcassets in Resources */,
			);
			runOnlyForDeploymentPostprocessing = 0;
		};
		RS0000010000000000000002 /* Resources */ = {
			isa = PBXResourcesBuildPhase;
			buildActionMask = 2147483647;
			files = (
			);
			runOnlyForDeploymentPostprocessing = 0;
		};
/* End PBXResourcesBuildPhase section */

/* Begin PBXSourcesBuildPhase section */
		SO0000010000000000000001 /* Sources */ = {
			isa = PBXSourcesBuildPhase;
			buildActionMask = 2147483647;
			files = (
				BF0000010000000000000001 /* ToioBridgeApp.swift in Sources */,
				BF0000010000000000000002 /* AppDelegate.swift in Sources */,
				BF0000010000000000000003 /* Logger.swift in Sources */,
				BF0000010000000000000004 /* ToioBridgeError.swift in Sources */,
				BF0000010000000000000005 /* CubeCommand.swift in Sources */,
				BF0000010000000000000006 /* ToioCube.swift in Sources */,
				BF0000010000000000000007 /* ToioBLEUUIDs.swift in Sources */,
				BF0000010000000000000008 /* ToioCommandWriter.swift in Sources */,
				BF0000010000000000000009 /* CubeManager.swift in Sources */,
				BF0000010000000000000010 /* MenuBarView.swift in Sources */,
				BF0000010000000000000013 /* CubeEntity.swift in Sources */,
				BF0000010000000000000014 /* CubeEntityQuery.swift in Sources */,
				BF0000010000000000000015 /* MoveCubeIntent.swift in Sources */,
				BF0000010000000000000016 /* StopCubeIntent.swift in Sources */,
				BF0000010000000000000017 /* SetLampIntent.swift in Sources */,
				BF0000010000000000000018 /* TurnOffLampIntent.swift in Sources */,
				BF0000010000000000000019 /* ToioBridgeShortcuts.swift in Sources */,
				BF0000010000000000000025 /* LoginItemManager.swift in Sources */,
			);
			runOnlyForDeploymentPostprocessing = 0;
		};
		SO0000010000000000000002 /* Sources */ = {
			isa = PBXSourcesBuildPhase;
			buildActionMask = 2147483647;
			files = (
				BF0000010000000000000020 /* CubeCommandTests.swift in Sources */,
				BF0000010000000000000021 /* CubeCommand.swift in Sources */,
				BF0000010000000000000022 /* ToioBridgeError.swift in Sources */,
			);
			runOnlyForDeploymentPostprocessing = 0;
		};
/* End PBXSourcesBuildPhase section */

/* Begin XCBuildConfiguration section */
		BC0000010000000000000001 /* Debug */ = {
			isa = XCBuildConfiguration;
			buildSettings = {
				ALWAYS_SEARCH_USER_PATHS = NO;
				CLANG_ANALYZER_NONNULL = YES;
				CLANG_ANALYZER_NUMBER_OBJECT_CONVERSION = YES_AGGRESSIVE;
				CLANG_CXX_LANGUAGE_STANDARD = "gnu++20";
				CLANG_ENABLE_MODULES = YES;
				CLANG_ENABLE_OBJC_ARC = YES;
				CLANG_ENABLE_OBJC_WEAK = YES;
				CLANG_WARN_BLOCK_CAPTURE_AUTORELEASING = YES;
				CLANG_WARN_BOOL_CONVERSION = YES;
				CLANG_WARN_COMMA = YES;
				CLANG_WARN_CONSTANT_CONVERSION = YES;
				CLANG_WARN_DEPRECATED_OBJC_IMPLEMENTATIONS = YES;
				CLANG_WARN_DIRECT_OBJC_ISA_USAGE = YES_ERROR;
				CLANG_WARN_DOCUMENTATION_COMMENTS = YES;
				CLANG_WARN_EMPTY_BODY = YES;
				CLANG_WARN_ENUM_CONVERSION = YES;
				CLANG_WARN_INFINITE_RECURSION = YES;
				CLANG_WARN_INT_CONVERSION = YES;
				CLANG_WARN_NON_LITERAL_NULL_CONVERSION = YES;
				CLANG_WARN_OBJC_IMPLICIT_RETAIN_SELF = YES;
				CLANG_WARN_OBJC_LITERAL_CONVERSION = YES;
				CLANG_WARN_OBJC_ROOT_CLASS = YES_ERROR;
				CLANG_WARN_QUOTED_INCLUDE_IN_FRAMEWORK_HEADER = YES;
				CLANG_WARN_RANGE_LOOP_ANALYSIS = YES;
				CLANG_WARN_STRICT_PROTOTYPES = YES;
				CLANG_WARN_SUSPICIOUS_MOVE = YES;
				CLANG_WARN_UNGUARDED_AVAILABILITY = YES_AGGRESSIVE;
				CLANG_WARN_UNREACHABLE_CODE = YES;
				CLANG_WARN__DUPLICATE_METHOD_MATCH = YES;
				COPY_PHASE_STRIP = NO;
				DEBUG_INFORMATION_FORMAT = dwarf;
				ENABLE_STRICT_OBJC_MSGSEND = YES;
				ENABLE_TESTABILITY = YES;
				ENABLE_USER_SCRIPT_SANDBOXING = YES;
				GCC_C_LANGUAGE_STANDARD = gnu17;
				GCC_DYNAMIC_NO_PIC = NO;
				GCC_NO_COMMON_BLOCKS = YES;
				GCC_OPTIMIZATION_LEVEL = 0;
				GCC_PREPROCESSOR_DEFINITIONS = (
					"DEBUG=1",
					"$(inherited)",
				);
				GCC_WARN_64_TO_32_BIT_CONVERSION = YES;
				GCC_WARN_ABOUT_RETURN_TYPE = YES_ERROR;
				GCC_WARN_UNDECLARED_SELECTOR = YES;
				GCC_WARN_UNINITIALIZED_AUTOS = YES_AGGRESSIVE;
				GCC_WARN_UNUSED_FUNCTION = YES;
				GCC_WARN_UNUSED_VARIABLE = YES;
				MACOSX_DEPLOYMENT_TARGET = 13.0;
				MTL_ENABLE_DEBUG_INFO = INCLUDE_SOURCE;
				MTL_FAST_MATH = YES;
				ONLY_ACTIVE_ARCH = YES;
				SDKROOT = macosx;
				SWIFT_ACTIVE_COMPILATION_CONDITIONS = DEBUG;
				SWIFT_OPTIMIZATION_LEVEL = "-Onone";
				SWIFT_VERSION = 5.0;
			};
			name = Debug;
		};
		BC0000010000000000000002 /* Release */ = {
			isa = XCBuildConfiguration;
			buildSettings = {
				ALWAYS_SEARCH_USER_PATHS = NO;
				CLANG_ANALYZER_NONNULL = YES;
				CLANG_ANALYZER_NUMBER_OBJECT_CONVERSION = YES_AGGRESSIVE;
				CLANG_CXX_LANGUAGE_STANDARD = "gnu++20";
				CLANG_ENABLE_MODULES = YES;
				CLANG_ENABLE_OBJC_ARC = YES;
				CLANG_ENABLE_OBJC_WEAK = YES;
				CLANG_WARN_BLOCK_CAPTURE_AUTORELEASING = YES;
				CLANG_WARN_BOOL_CONVERSION = YES;
				CLANG_WARN_COMMA = YES;
				CLANG_WARN_CONSTANT_CONVERSION = YES;
				CLANG_WARN_DEPRECATED_OBJC_IMPLEMENTATIONS = YES;
				CLANG_WARN_DIRECT_OBJC_ISA_USAGE = YES_ERROR;
				CLANG_WARN_DOCUMENTATION_COMMENTS = YES;
				CLANG_WARN_EMPTY_BODY = YES;
				CLANG_WARN_ENUM_CONVERSION = YES;
				CLANG_WARN_INFINITE_RECURSION = YES;
				CLANG_WARN_INT_CONVERSION = YES;
				CLANG_WARN_NON_LITERAL_NULL_CONVERSION = YES;
				CLANG_WARN_OBJC_IMPLICIT_RETAIN_SELF = YES;
				CLANG_WARN_OBJC_LITERAL_CONVERSION = YES;
				CLANG_WARN_OBJC_ROOT_CLASS = YES_ERROR;
				CLANG_WARN_QUOTED_INCLUDE_IN_FRAMEWORK_HEADER = YES;
				CLANG_WARN_RANGE_LOOP_ANALYSIS = YES;
				CLANG_WARN_STRICT_PROTOTYPES = YES;
				CLANG_WARN_SUSPICIOUS_MOVE = YES;
				CLANG_WARN_UNGUARDED_AVAILABILITY = YES_AGGRESSIVE;
				CLANG_WARN_UNREACHABLE_CODE = YES;
				CLANG_WARN__DUPLICATE_METHOD_MATCH = YES;
				COPY_PHASE_STRIP = NO;
				DEBUG_INFORMATION_FORMAT = "dwarf-with-dsym";
				ENABLE_NS_ASSERTIONS = NO;
				ENABLE_STRICT_OBJC_MSGSEND = YES;
				ENABLE_USER_SCRIPT_SANDBOXING = YES;
				GCC_C_LANGUAGE_STANDARD = gnu17;
				GCC_NO_COMMON_BLOCKS = YES;
				GCC_WARN_64_TO_32_BIT_CONVERSION = YES;
				GCC_WARN_ABOUT_RETURN_TYPE = YES_ERROR;
				GCC_WARN_UNDECLARED_SELECTOR = YES;
				GCC_WARN_UNINITIALIZED_AUTOS = YES_AGGRESSIVE;
				GCC_WARN_UNUSED_FUNCTION = YES;
				GCC_WARN_UNUSED_VARIABLE = YES;
				MACOSX_DEPLOYMENT_TARGET = 13.0;
				MTL_ENABLE_DEBUG_INFO = NO;
				MTL_FAST_MATH = YES;
				SDKROOT = macosx;
				SWIFT_COMPILATION_MODE = wholemodule;
				SWIFT_OPTIMIZATION_LEVEL = "-O";
				SWIFT_VERSION = 5.0;
			};
			name = Release;
		};
		BC0000010000000000000003 /* Debug */ = {
			isa = XCBuildConfiguration;
			baseConfigurationReference = FR0000010000000000000026 /* Signing.xcconfig */;
			buildSettings = {
				ASSETCATALOG_COMPILER_APPICON_NAME = AppIcon;
				CODE_SIGN_ENTITLEMENTS = ToioBridge/ToioBridge.entitlements;
				COMBINE_HIDPI_IMAGES = YES;
				CURRENT_PROJECT_VERSION = 0.0.0; /* x-release-please-version */
				ENABLE_HARDENED_RUNTIME = YES;
				ENABLE_PREVIEWS = YES;
				GENERATE_INFOPLIST_FILE = NO;
				INFOPLIST_FILE = ToioBridge/Info.plist;
				LD_RUNPATH_SEARCH_PATHS = (
					"$(inherited)",
					"@executable_path/../Frameworks",
				);
				MARKETING_VERSION = 0.0.0; /* x-release-please-version */
				PRODUCT_BUNDLE_IDENTIFIER = io.github.yaeda.ToioBridge;
				PRODUCT_BUNDLE_PACKAGE_TYPE = APPL;
				PRODUCT_NAME = ToioBridge;
				SWIFT_EMIT_LOC_STRINGS = YES;
			};
			name = Debug;
		};
		BC0000010000000000000004 /* Release */ = {
			isa = XCBuildConfiguration;
			baseConfigurationReference = FR0000010000000000000026 /* Signing.xcconfig */;
			buildSettings = {
				ASSETCATALOG_COMPILER_APPICON_NAME = AppIcon;
				CODE_SIGN_ENTITLEMENTS = ToioBridge/ToioBridge.entitlements;
				COMBINE_HIDPI_IMAGES = YES;
				CURRENT_PROJECT_VERSION = 0.0.0; /* x-release-please-version */
				ENABLE_HARDENED_RUNTIME = YES;
				ENABLE_PREVIEWS = YES;
				GENERATE_INFOPLIST_FILE = NO;
				INFOPLIST_FILE = ToioBridge/Info.plist;
				LD_RUNPATH_SEARCH_PATHS = (
					"$(inherited)",
					"@executable_path/../Frameworks",
				);
				MARKETING_VERSION = 0.0.0; /* x-release-please-version */
				PRODUCT_BUNDLE_IDENTIFIER = io.github.yaeda.ToioBridge;
				PRODUCT_BUNDLE_PACKAGE_TYPE = APPL;
				PRODUCT_NAME = ToioBridge;
				SWIFT_EMIT_LOC_STRINGS = YES;
			};
			name = Release;
		};
		BC0000010000000000000005 /* Debug */ = {
			isa = XCBuildConfiguration;
			buildSettings = {
				ALWAYS_EMBED_SWIFT_STANDARD_LIBRARIES = YES;
				BUNDLE_LOADER = "";
				CODE_SIGN_STYLE = Automatic;
				CURRENT_PROJECT_VERSION = 0.0.0; /* x-release-please-version */
				DEVELOPMENT_TEAM = "";
				GENERATE_INFOPLIST_FILE = NO;
				INFOPLIST_FILE = ToioBridgeTests/Info.plist;
				LD_RUNPATH_SEARCH_PATHS = (
					"$(inherited)",
					"@executable_path/../Frameworks",
					"@loader_path/../Frameworks",
				);
				MARKETING_VERSION = 0.0.0; /* x-release-please-version */
				PRODUCT_BUNDLE_IDENTIFIER = io.github.yaeda.ToioBridgeTests;
				PRODUCT_NAME = ToioBridgeTests;
				SWIFT_EMIT_LOC_STRINGS = NO;
				TEST_HOST = "";
			};
			name = Debug;
		};
		BC0000010000000000000006 /* Release */ = {
			isa = XCBuildConfiguration;
			buildSettings = {
				ALWAYS_EMBED_SWIFT_STANDARD_LIBRARIES = YES;
				BUNDLE_LOADER = "";
				CODE_SIGN_STYLE = Automatic;
				CURRENT_PROJECT_VERSION = 0.0.0; /* x-release-please-version */
				DEVELOPMENT_TEAM = "";
				GENERATE_INFOPLIST_FILE = NO;
				INFOPLIST_FILE = ToioBridgeTests/Info.plist;
				LD_RUNPATH_SEARCH_PATHS = (
					"$(inherited)",
					"@executable_path/../Frameworks",
					"@loader_path/../Frameworks",
				);
				MARKETING_VERSION = 0.0.0; /* x-release-please-version */
				PRODUCT_BUNDLE_IDENTIFIER = io.github.yaeda.ToioBridgeTests;
				PRODUCT_NAME = ToioBridgeTests;
				SWIFT_EMIT_LOC_STRINGS = NO;
				TEST_HOST = "";
			};
			name = Release;
		};
/* End XCBuildConfiguration section */

/* Begin XCConfigurationList section */
		CL0000010000000000000001 /* Build configuration list for PBXProject "ToioBridge" */ = {
			isa = XCConfigurationList;
			buildConfigurations = (
				BC0000010000000000000001 /* Debug */,
				BC0000010000000000000002 /* Release */,
			);
			defaultConfigurationIsVisible = 0;
			defaultConfigurationName = Release;
		};
		CL0000010000000000000002 /* Build configuration list for PBXNativeTarget "ToioBridge" */ = {
			isa = XCConfigurationList;
			buildConfigurations = (
				BC0000010000000000000003 /* Debug */,
				BC0000010000000000000004 /* Release */,
			);
			defaultConfigurationIsVisible = 0;
			defaultConfigurationName = Release;
		};
		CL0000010000000000000003 /* Build configuration list for PBXNativeTarget "ToioBridgeTests" */ = {
			isa = XCConfigurationList;
			buildConfigurations = (
				BC0000010000000000000005 /* Debug */,
				BC0000010000000000000006 /* Release */,
			);
			defaultConfigurationIsVisible = 0;
			defaultConfigurationName = Release;
		};
/* End XCConfigurationList section */
	};
	rootObject = PJ0000010000000000000001 /* Project object */;
}
